
Microsoft Visual Studio Solution File, Format Version 12.00
# Visual Studio Version 17
VisualStudioVersion = 17.14.36414.22
MinimumVisualStudioVersion = 10.0.40219.1
Project("{FAE04EC0-301F-11D3-BF4B-00C04F79EFBC}") = "M426", "M426\M426.csproj", "{172B8A5D-0091-4020-ABCB-064D4985C4D1}"
EndProject
Project("{FAE04EC0-301F-11D3-BF4B-00C04F79EFBC}") = "M426_Test", "M426_Test\M426_Test.csproj", "{F77D5F58-1881-493B-8D18-E2925C4C24ED}"
EndProject
Global
	GlobalSection(SolutionConfigurationPlatforms) = preSolution
		Debug|Any CPU = Debug|Any CPU
		Release|Any CPU = Release|Any CPU
	EndGlobalSection
	GlobalSection(ProjectConfigurationPlatforms) = postSolution
		{172B8A5D-0091-4020-ABCB-064D4985C4D1}.Debug|Any CPU.ActiveCfg = Debug|Any CPU
		{172B8A5D-0091-4020-ABCB-064D4985C4D1}.Debug|Any CPU.Build.0 = Debug|Any CPU
		{172B8A5D-0091-4020-ABCB-064D4985C4D1}.Release|Any CPU.ActiveCfg = Release|Any CPU
		{172B8A5D-0091-4020-ABCB-064D4985C4D1}.Release|Any CPU.Build.0 = Release|Any CPU
		{F77D5F58-1881-493B-8D18-E2925C4C24ED}.Debug|Any CPU.ActiveCfg = Debug|Any CPU
		{F77D5F58-1881-493B-8D18-E2925C4C24ED}.Debug|Any CPU.Build.0 = Debug|Any CPU
		{F77D5F58-1881-493B-8D18-E2925C4C24ED}.Release|Any CPU.ActiveCfg = Release|Any CPU
		{F77D5F58-1881-493B-8D18-E2925C4C24ED}.Release|Any CPU.Build.0 = Release|Any CPU
	EndGlobalSection
	GlobalSection(SolutionProperties) = preSolution
		HideSolutionNode = FALSE
	EndGlobalSection
	GlobalSection(ExtensibilityGlobals) = postSolution
		SolutionGuid = {7ED0E92C-7107-45B8-9CAF-B6AC9677F14F}
	EndGlobalSection
EndGlobal
